
Microsoft Visual Studio Solution File, Format Version 12.00
# Visual Studio Version 17
VisualStudioVersion = 17.0.31903.59
MinimumVisualStudioVersion = 10.0.40219.1
Project("{2150E333-8FDC-42A3-9474-1A3956D46DE8}") = "src", "src", "{5F16E770-EEBA-482A-B15A-B7BD5A7CF5C2}"
EndProject
Project("{FAE04EC0-301F-11D3-BF4B-00C04F79EFBC}") = "Conduit.Web", "src\Conduit.Web\Conduit.Web.csproj", "{20EBB5C3-6EB8-40C4-AA1B-82C8DBC65C5D}"
EndProject
Project("{FAE04EC0-301F-11D3-BF4B-00C04F79EFBC}") = "Conduit.Core", "src\Conduit.Core\Conduit.Core.csproj", "{680D018F-4548-4D4D-929F-293B3B8092C2}"
EndProject
Project("{FAE04EC0-301F-11D3-BF4B-00C04F79EFBC}") = "Conduit.DataAccess", "src\Conduit.DataAccess\Conduit.DataAccess.csproj", "{F866E886-DE31-4C09-8DB0-6BAC8B6CF99F}"
EndProject
Project("{FAE04EC0-301F-11D3-BF4B-00C04F79EFBC}") = "Conduit.Installer", "src\Conduit.Installer\Conduit.Installer.csproj", "{74CEE999-8AD7-4D3C-85DB-82A02E6A121F}"
EndProject
Project("{FAE04EC0-301F-11D3-BF4B-00C04F79EFBC}") = "Conduit.Emulator.GoogleWorkspace", "src\Conduit.Emulator.GoogleWorkspace\Conduit.Emulator.GoogleWorkspace.csproj", "{2A3FF493-4CC6-440C-9C39-DE007CEAF2A0}"
EndProject
Project("{FAE04EC0-301F-11D3-BF4B-00C04F79EFBC}") = "Conduit.Sync", "src\Conduit.Sync\Conduit.Sync.csproj", "{1B1C8827-9F30-4C91-A1BA-12B8426E96FF}"
EndProject
Project("{FAE04EC0-301F-11D3-BF4B-00C04F79EFBC}") = "Conduit.Scheduling", "src\Conduit.Scheduling\Conduit.Scheduling.csproj", "{2867D66E-5B37-4975-9B02-0E346E5D8B8B}"
EndProject
Project("{FAE04EC0-301F-11D3-BF4B-00C04F79EFBC}") = "Conduit.Connectors.ActiveDirectory", "src\Conduit.Connectors.ActiveDirectory\Conduit.Connectors.ActiveDirectory.csproj", "{A1A6A6A6-A6A6-4A6A-8A6A-6A6A6A6A6A01}"
EndProject
Project("{FAE04EC0-301F-11D3-BF4B-00C04F79EFBC}") = "Conduit.Connectors.Emulator", "src\Conduit.Connectors.Emulator\Conduit.Connectors.Emulator.csproj", "{A1A6A6A6-A6A6-4A6A-8A6A-6A6A6A6A6A02}"
EndProject
Project("{FAE04EC0-301F-11D3-BF4B-00C04F79EFBC}") = "Conduit.Connectors.EntraID", "src\Conduit.Connectors.EntraID\Conduit.Connectors.EntraID.csproj", "{2ED88EBD-C86C-43C8-9E80-E27026AA8C4B}"
EndProject
Project("{FAE04EC0-301F-11D3-BF4B-00C04F79EFBC}") = "Conduit.Connectors.Okta", "src\Conduit.Connectors.Okta\Conduit.Connectors.Okta.csproj", "{08EE9ED3-DDE2-4A38-988A-EA8B403839EE}"
EndProject
Project("{FAE04EC0-301F-11D3-BF4B-00C04F79EFBC}") = "Conduit.Connectors.GoogleWorkspace", "src\Conduit.Connectors.GoogleWorkspace\Conduit.Connectors.GoogleWorkspace.csproj", "{80383405-FBE2-4B31-B188-07822B9D5926}"
EndProject
Project("{FAE04EC0-301F-11D3-BF4B-00C04F79EFBC}") = "Conduit.Connectors.GenericLdap", "src\Conduit.Connectors.GenericLdap\Conduit.Connectors.GenericLdap.csproj", "{25C68D46-0B04-4AA5-B142-56B9973E5F86}"
EndProject
Project("{FAE04EC0-301F-11D3-BF4B-00C04F79EFBC}") = "Conduit.Connectors.Scim", "src\Conduit.Connectors.Scim\Conduit.Connectors.Scim.csproj", "{CAFCBE5E-1A1F-4750-902C-36C373753FCA}"
EndProject
Project("{FAE04EC0-301F-11D3-BF4B-00C04F79EFBC}") = "Conduit.Connectors.Database", "src\Conduit.Connectors.Database\Conduit.Connectors.Database.csproj", "{AEF80F46-2503-4812-98C9-FC62F702C554}"
EndProject
Project("{FAE04EC0-301F-11D3-BF4B-00C04F79EFBC}") = "Conduit.Connectors.Csv", "src\Conduit.Connectors.Csv\Conduit.Connectors.Csv.csproj", "{42D98B3C-A879-416C-961A-F28EACD13C30}"
EndProject
Project("{FAE04EC0-301F-11D3-BF4B-00C04F79EFBC}") = "Conduit.Connectors.Aws", "src\Conduit.Connectors.Aws\Conduit.Connectors.Aws.csproj", "{7F794FC0-9AE6-47EB-96AC-7B4802E9E624}"
EndProject
Project("{FAE04EC0-301F-11D3-BF4B-00C04F79EFBC}") = "Conduit.Connectors.SharePoint", "src\Conduit.Connectors.SharePoint\Conduit.Connectors.SharePoint.csproj", "{B91DDB39-E202-42F9-8F65-7A53D9626248}"
EndProject
Project("{FAE04EC0-301F-11D3-BF4B-00C04F79EFBC}") = "Conduit.Connectors.IdentityCenter", "src\Conduit.Connectors.IdentityCenter\Conduit.Connectors.IdentityCenter.csproj", "{D1C1C1C1-1C1C-4C1C-AC1C-1C1C1C1C1C1C}"
EndProject
Project("{FAE04EC0-301F-11D3-BF4B-00C04F79EFBC}") = "Conduit.Shared.SyncUI", "src\Conduit.Shared.SyncUI\Conduit.Shared.SyncUI.csproj", "{F527AAFF-B776-43BF-ABDF-E754ECD752C3}"
EndProject
Project("{FAE04EC0-301F-11D3-BF4B-00C04F79EFBC}") = "Conduit.Connectors.SqlDiscovery", "src\Conduit.Connectors.SqlDiscovery\Conduit.Connectors.SqlDiscovery.csproj", "{59B5492F-F2FD-4261-BFBA-519FC057FF24}"
EndProject
Project("{FAE04EC0-301F-11D3-BF4B-00C04F79EFBC}") = "Conduit.Connectors.ActiveRoles", "src\Conduit.Connectors.ActiveRoles\Conduit.Connectors.ActiveRoles.csproj", "{2F0561C8-B4C6-40DB-AFBE-91543B34D786}"
EndProject
Project("{FAE04EC0-301F-11D3-BF4B-00C04F79EFBC}") = "Conduit.Connectors.ActiveRoles.Cli", "src\Conduit.Connectors.ActiveRoles.Cli\Conduit.Connectors.ActiveRoles.Cli.csproj", "{FC582C54-B092-4E7A-98D2-DB3234D02364}"
EndProject
Project("{2150E333-8FDC-42A3-9474-1A3956D46DE8}") = "tests", "tests", "{0AB3BF05-4346-4AA6-1389-037BE0695223}"
EndProject
Project("{FAE04EC0-301F-11D3-BF4B-00C04F79EFBC}") = "Conduit.Connectors.EntraID.Tests", "tests\Conduit.Connectors.EntraID.Tests\Conduit.Connectors.EntraID.Tests.csproj", "{FE84E26A-A840-438B-96D4-C4CE300C1311}"
EndProject
Global
	GlobalSection(SolutionConfigurationPlatforms) = preSolution
		Debug|Any CPU = Debug|Any CPU
		Debug|x64 = Debug|x64
		Debug|x86 = Debug|x86
		Release|Any CPU = Release|Any CPU
		Release|x64 = Release|x64
		Release|x86 = Release|x86
	EndGlobalSection
	GlobalSection(ProjectConfigurationPlatforms) = postSolution
		{20EBB5C3-6EB8-40C4-AA1B-82C8DBC65C5D}.Debug|Any CPU.ActiveCfg = Debug|Any CPU
		{20EBB5C3-6EB8-40C4-AA1B-82C8DBC65C5D}.Debug|Any CPU.Build.0 = Debug|Any CPU
		{20EBB5C3-6EB8-40C4-AA1B-82C8DBC65C5D}.Debug|x64.ActiveCfg = Debug|Any CPU
		{20EBB5C3-6EB8-40C4-AA1B-82C8DBC65C5D}.Debug|x64.Build.0 = Debug|Any CPU
		{20EBB5C3-6EB8-40C4-AA1B-82C8DBC65C5D}.Debug|x86.ActiveCfg = Debug|Any CPU
		{20EBB5C3-6EB8-40C4-AA1B-82C8DBC65C5D}.Debug|x86.Build.0 = Debug|Any CPU
		{20EBB5C3-6EB8-40C4-AA1B-82C8DBC65C5D}.Release|Any CPU.ActiveCfg = Release|Any CPU
		{20EBB5C3-6EB8-40C4-AA1B-82C8DBC65C5D}.Release|Any CPU.Build.0 = Release|Any CPU
		{20EBB5C3-6EB8-40C4-AA1B-82C8DBC65C5D}.Release|x64.ActiveCfg = Release|Any CPU
		{20EBB5C3-6EB8-40C4-AA1B-82C8DBC65C5D}.Release|x64.Build.0 = Release|Any CPU
		{20EBB5C3-6EB8-40C4-AA1B-82C8DBC65C5D}.Release|x86.ActiveCfg = Release|Any CPU
		{20EBB5C3-6EB8-40C4-AA1B-82C8DBC65C5D}.Release|x86.Build.0 = Release|Any CPU
		{680D018F-4548-4D4D-929F-293B3B8092C2}.Debug|Any CPU.ActiveCfg = Debug|Any CPU
		{680D018F-4548-4D4D-929F-293B3B8092C2}.Debug|Any CPU.Build.0 = Debug|Any CPU
		{680D018F-4548-4D4D-929F-293B3B8092C2}.Debug|x64.ActiveCfg = Debug|Any CPU
		{680D018F-4548-4D4D-929F-293B3B8092C2}.Debug|x64.Build.0 = Debug|Any CPU
		{680D018F-4548-4D4D-929F-293B3B8092C2}.Debug|x86.ActiveCfg = Debug|Any CPU
		{680D018F-4548-4D4D-929F-293B3B8092C2}.Debug|x86.Build.0 = Debug|Any CPU
		{680D018F-4548-4D4D-929F-293B3B8092C2}.Release|Any CPU.ActiveCfg = Release|Any CPU
		{680D018F-4548-4D4D-929F-293B3B8092C2}.Release|Any CPU.Build.0 = Release|Any CPU
		{680D018F-4548-4D4D-929F-293B3B8092C2}.Release|x64.ActiveCfg = Release|Any CPU
		{680D018F-4548-4D4D-929F-293B3B8092C2}.Release|x64.Build.0 = Release|Any CPU
		{680D018F-4548-4D4D-929F-293B3B8092C2}.Release|x86.ActiveCfg = Release|Any CPU
		{680D018F-4548-4D4D-929F-293B3B8092C2}.Release|x86.Build.0 = Release|Any CPU
		{F866E886-DE31-4C09-8DB0-6BAC8B6CF99F}.Debug|Any CPU.ActiveCfg = Debug|Any CPU
		{F866E886-DE31-4C09-8DB0-6BAC8B6CF99F}.Debug|Any CPU.Build.0 = Debug|Any CPU
		{F866E886-DE31-4C09-8DB0-6BAC8B6CF99F}.Debug|x64.ActiveCfg = Debug|Any CPU
		{F866E886-DE31-4C09-8DB0-6BAC8B6CF99F}.Debug|x64.Build.0 = Debug|Any CPU
		{F866E886-DE31-4C09-8DB0-6BAC8B6CF99F}.Debug|x86.ActiveCfg = Debug|Any CPU
		{F866E886-DE31-4C09-8DB0-6BAC8B6CF99F}.Debug|x86.Build.0 = Debug|Any CPU
		{F866E886-DE31-4C09-8DB0-6BAC8B6CF99F}.Release|Any CPU.ActiveCfg = Release|Any CPU
		{F866E886-DE31-4C09-8DB0-6BAC8B6CF99F}.Release|Any CPU.Build.0 = Release|Any CPU
		{F866E886-DE31-4C09-8DB0-6BAC8B6CF99F}.Release|x64.ActiveCfg = Release|Any CPU
		{F866E886-DE31-4C09-8DB0-6BAC8B6CF99F}.Release|x64.Build.0 = Release|Any CPU
		{F866E886-DE31-4C09-8DB0-6BAC8B6CF99F}.Release|x86.ActiveCfg = Release|Any CPU
		{F866E886-DE31-4C09-8DB0-6BAC8B6CF99F}.Release|x86.Build.0 = Release|Any CPU
		{74CEE999-8AD7-4D3C-85DB-82A02E6A121F}.Debug|Any CPU.ActiveCfg = Debug|Any CPU
		{74CEE999-8AD7-4D3C-85DB-82A02E6A121F}.Debug|Any CPU.Build.0 = Debug|Any CPU
		{74CEE999-8AD7-4D3C-85DB-82A02E6A121F}.Debug|x64.ActiveCfg = Debug|Any CPU
		{74CEE999-8AD7-4D3C-85DB-82A02E6A121F}.Debug|x64.Build.0 = Debug|Any CPU
		{74CEE999-8AD7-4D3C-85DB-82A02E6A121F}.Debug|x86.ActiveCfg = Debug|Any CPU
		{74CEE999-8AD7-4D3C-85DB-82A02E6A121F}.Debug|x86.Build.0 = Debug|Any CPU
		{74CEE999-8AD7-4D3C-85DB-82A02E6A121F}.Release|Any CPU.ActiveCfg = Release|Any CPU
		{74CEE999-8AD7-4D3C-85DB-82A02E6A121F}.Release|Any CPU.Build.0 = Release|Any CPU
		{74CEE999-8AD7-4D3C-85DB-82A02E6A121F}.Release|x64.ActiveCfg = Release|Any CPU
		{74CEE999-8AD7-4D3C-85DB-82A02E6A121F}.Release|x64.Build.0 = Release|Any CPU
		{74CEE999-8AD7-4D3C-85DB-82A02E6A121F}.Release|x86.ActiveCfg = Release|Any CPU
		{74CEE999-8AD7-4D3C-85DB-82A02E6A121F}.Release|x86.Build.0 = Release|Any CPU
		{2A3FF493-4CC6-440C-9C39-DE007CEAF2A0}.Debug|Any CPU.ActiveCfg = Debug|Any CPU
		{2A3FF493-4CC6-440C-9C39-DE007CEAF2A0}.Debug|Any CPU.Build.0 = Debug|Any CPU
		{2A3FF493-4CC6-440C-9C39-DE007CEAF2A0}.Debug|x64.ActiveCfg = Debug|Any CPU
		{2A3FF493-4CC6-440C-9C39-DE007CEAF2A0}.Debug|x64.Build.0 = Debug|Any CPU
		{2A3FF493-4CC6-440C-9C39-DE007CEAF2A0}.Debug|x86.ActiveCfg = Debug|Any CPU
		{2A3FF493-4CC6-440C-9C39-DE007CEAF2A0}.Debug|x86.Build.0 = Debug|Any CPU
		{2A3FF493-4CC6-440C-9C39-DE007CEAF2A0}.Release|Any CPU.ActiveCfg = Release|Any CPU
		{2A3FF493-4CC6-440C-9C39-DE007CEAF2A0}.Release|Any CPU.Build.0 = Release|Any CPU
		{2A3FF493-4CC6-440C-9C39-DE007CEAF2A0}.Release|x64.ActiveCfg = Release|Any CPU
		{2A3FF493-4CC6-440C-9C39-DE007CEAF2A0}.Release|x64.Build.0 = Release|Any CPU
		{2A3FF493-4CC6-440C-9C39-DE007CEAF2A0}.Release|x86.ActiveCfg = Release|Any CPU
		{2A3FF493-4CC6-440C-9C39-DE007CEAF2A0}.Release|x86.Build.0 = Release|Any CPU
		{1B1C8827-9F30-4C91-A1BA-12B8426E96FF}.Debug|Any CPU.ActiveCfg = Debug|Any CPU
		{1B1C8827-9F30-4C91-A1BA-12B8426E96FF}.Debug|Any CPU.Build.0 = Debug|Any CPU
		{1B1C8827-9F30-4C91-A1BA-12B8426E96FF}.Debug|x64.ActiveCfg = Debug|Any CPU
		{1B1C8827-9F30-4C91-A1BA-12B8426E96FF}.Debug|x64.Build.0 = Debug|Any CPU
		{1B1C8827-9F30-4C91-A1BA-12B8426E96FF}.Debug|x86.ActiveCfg = Debug|Any CPU
		{1B1C8827-9F30-4C91-A1BA-12B8426E96FF}.Debug|x86.Build.0 = Debug|Any CPU
		{1B1C8827-9F30-4C91-A1BA-12B8426E96FF}.Release|Any CPU.ActiveCfg = Release|Any CPU
		{1B1C8827-9F30-4C91-A1BA-12B8426E96FF}.Release|Any CPU.Build.0 = Release|Any CPU
		{1B1C8827-9F30-4C91-A1BA-12B8426E96FF}.Release|x64.ActiveCfg = Release|Any CPU
		{1B1C8827-9F30-4C91-A1BA-12B8426E96FF}.Release|x64.Build.0 = Release|Any CPU
		{1B1C8827-9F30-4C91-A1BA-12B8426E96FF}.Release|x86.ActiveCfg = Release|Any CPU
		{1B1C8827-9F30-4C91-A1BA-12B8426E96FF}.Release|x86.Build.0 = Release|Any CPU
		{2867D66E-5B37-4975-9B02-0E346E5D8B8B}.Debug|Any CPU.ActiveCfg = Debug|Any CPU
		{2867D66E-5B37-4975-9B02-0E346E5D8B8B}.Debug|Any CPU.Build.0 = Debug|Any CPU
		{2867D66E-5B37-4975-9B02-0E346E5D8B8B}.Debug|x64.ActiveCfg = Debug|Any CPU
		{2867D66E-5B37-4975-9B02-0E346E5D8B8B}.Debug|x64.Build.0 = Debug|Any CPU
		{2867D66E-5B37-4975-9B02-0E346E5D8B8B}.Debug|x86.ActiveCfg = Debug|Any CPU
		{2867D66E-5B37-4975-9B02-0E346E5D8B8B}.Debug|x86.Build.0 = Debug|Any CPU
		{2867D66E-5B37-4975-9B02-0E346E5D8B8B}.Release|Any CPU.ActiveCfg = Release|Any CPU
		{2867D66E-5B37-4975-9B02-0E346E5D8B8B}.Release|Any CPU.Build.0 = Release|Any CPU
		{2867D66E-5B37-4975-9B02-0E346E5D8B8B}.Release|x64.ActiveCfg = Release|Any CPU
		{2867D66E-5B37-4975-9B02-0E346E5D8B8B}.Release|x64.Build.0 = Release|Any CPU
		{2867D66E-5B37-4975-9B02-0E346E5D8B8B}.Release|x86.ActiveCfg = Release|Any CPU
		{2867D66E-5B37-4975-9B02-0E346E5D8B8B}.Release|x86.Build.0 = Release|Any CPU
		{A1A6A6A6-A6A6-4A6A-8A6A-6A6A6A6A6A01}.Debug|Any CPU.ActiveCfg = Debug|Any CPU
		{A1A6A6A6-A6A6-4A6A-8A6A-6A6A6A6A6A01}.Debug|Any CPU.Build.0 = Debug|Any CPU
		{A1A6A6A6-A6A6-4A6A-8A6A-6A6A6A6A6A01}.Debug|x64.ActiveCfg = Debug|Any CPU
		{A1A6A6A6-A6A6-4A6A-8A6A-6A6A6A6A6A01}.Debug|x64.Build.0 = Debug|Any CPU
		{A1A6A6A6-A6A6-4A6A-8A6A-6A6A6A6A6A01}.Debug|x86.ActiveCfg = Debug|Any CPU
		{A1A6A6A6-A6A6-4A6A-8A6A-6A6A6A6A6A01}.Debug|x86.Build.0 = Debug|Any CPU
		{A1A6A6A6-A6A6-4A6A-8A6A-6A6A6A6A6A01}.Release|Any CPU.ActiveCfg = Release|Any CPU
		{A1A6A6A6-A6A6-4A6A-8A6A-6A6A6A6A6A01}.Release|Any CPU.Build.0 = Release|Any CPU
		{A1A6A6A6-A6A6-4A6A-8A6A-6A6A6A6A6A01}.Release|x64.ActiveCfg = Release|Any CPU
		{A1A6A6A6-A6A6-4A6A-8A6A-6A6A6A6A6A01}.Release|x64.Build.0 = Release|Any CPU
		{A1A6A6A6-A6A6-4A6A-8A6A-6A6A6A6A6A01}.Release|x86.ActiveCfg = Release|Any CPU
		{A1A6A6A6-A6A6-4A6A-8A6A-6A6A6A6A6A01}.Release|x86.Build.0 = Release|Any CPU
		{A1A6A6A6-A6A6-4A6A-8A6A-6A6A6A6A6A02}.Debug|Any CPU.ActiveCfg = Debug|Any CPU
		{A1A6A6A6-A6A6-4A6A-8A6A-6A6A6A6A6A02}.Debug|Any CPU.Build.0 = Debug|Any CPU
		{A1A6A6A6-A6A6-4A6A-8A6A-6A6A6A6A6A02}.Debug|x64.ActiveCfg = Debug|Any CPU
		{A1A6A6A6-A6A6-4A6A-8A6A-6A6A6A6A6A02}.Debug|x64.Build.0 = Debug|Any CPU
		{A1A6A6A6-A6A6-4A6A-8A6A-6A6A6A6A6A02}.Debug|x86.ActiveCfg = Debug|Any CPU
		{A1A6A6A6-A6A6-4A6A-8A6A-6A6A6A6A6A02}.Debug|x86.Build.0 = Debug|Any CPU
		{A1A6A6A6-A6A6-4A6A-8A6A-6A6A6A6A6A02}.Release|Any CPU.ActiveCfg = Release|Any CPU
		{A1A6A6A6-A6A6-4A6A-8A6A-6A6A6A6A6A02}.Release|Any CPU.Build.0 = Release|Any CPU
		{A1A6A6A6-A6A6-4A6A-8A6A-6A6A6A6A6A02}.Release|x64.ActiveCfg = Release|Any CPU
		{A1A6A6A6-A6A6-4A6A-8A6A-6A6A6A6A6A02}.Release|x64.Build.0 = Release|Any CPU
		{A1A6A6A6-A6A6-4A6A-8A6A-6A6A6A6A6A02}.Release|x86.ActiveCfg = Release|Any CPU
		{A1A6A6A6-A6A6-4A6A-8A6A-6A6A6A6A6A02}.Release|x86.Build.0 = Release|Any CPU
		{2ED88EBD-C86C-43C8-9E80-E27026AA8C4B}.Debug|Any CPU.ActiveCfg = Debug|Any CPU
		{2ED88EBD-C86C-43C8-9E80-E27026AA8C4B}.Debug|Any CPU.Build.0 = Debug|Any CPU
		{2ED88EBD-C86C-43C8-9E80-E27026AA8C4B}.Debug|x64.ActiveCfg = Debug|Any CPU
		{2ED88EBD-C86C-43C8-9E80-E27026AA8C4B}.Debug|x64.Build.0 = Debug|Any CPU
		{2ED88EBD-C86C-43C8-9E80-E27026AA8C4B}.Debug|x86.ActiveCfg = Debug|Any CPU
		{2ED88EBD-C86C-43C8-9E80-E27026AA8C4B}.Debug|x86.Build.0 = Debug|Any CPU
		{2ED88EBD-C86C-43C8-9E80-E27026AA8C4B}.Release|Any CPU.ActiveCfg = Release|Any CPU
		{2ED88EBD-C86C-43C8-9E80-E27026AA8C4B}.Release|Any CPU.Build.0 = Release|Any CPU
		{2ED88EBD-C86C-43C8-9E80-E27026AA8C4B}.Release|x64.ActiveCfg = Release|Any CPU
		{2ED88EBD-C86C-43C8-9E80-E27026AA8C4B}.Release|x64.Build.0 = Release|Any CPU
		{2ED88EBD-C86C-43C8-9E80-E27026AA8C4B}.Release|x86.ActiveCfg = Release|Any CPU
		{2ED88EBD-C86C-43C8-9E80-E27026AA8C4B}.Release|x86.Build.0 = Release|Any CPU
		{08EE9ED3-DDE2-4A38-988A-EA8B403839EE}.Debug|Any CPU.ActiveCfg = Debug|Any CPU
		{08EE9ED3-DDE2-4A38-988A-EA8B403839EE}.Debug|Any CPU.Build.0 = Debug|Any CPU
		{08EE9ED3-DDE2-4A38-988A-EA8B403839EE}.Debug|x64.ActiveCfg = Debug|Any CPU
		{08EE9ED3-DDE2-4A38-988A-EA8B403839EE}.Debug|x64.Build.0 = Debug|Any CPU
		{08EE9ED3-DDE2-4A38-988A-EA8B403839EE}.Debug|x86.ActiveCfg = Debug|Any CPU
		{08EE9ED3-DDE2-4A38-988A-EA8B403839EE}.Debug|x86.Build.0 = Debug|Any CPU
		{08EE9ED3-DDE2-4A38-988A-EA8B403839EE}.Release|Any CPU.ActiveCfg = Release|Any CPU
		{08EE9ED3-DDE2-4A38-988A-EA8B403839EE}.Release|Any CPU.Build.0 = Release|Any CPU
		{08EE9ED3-DDE2-4A38-988A-EA8B403839EE}.Release|x64.ActiveCfg = Release|Any CPU
		{08EE9ED3-DDE2-4A38-988A-EA8B403839EE}.Release|x64.Build.0 = Release|Any CPU
		{08EE9ED3-DDE2-4A38-988A-EA8B403839EE}.Release|x86.ActiveCfg = Release|Any CPU
		{08EE9ED3-DDE2-4A38-988A-EA8B403839EE}.Release|x86.Build.0 = Release|Any CPU
		{80383405-FBE2-4B31-B188-07822B9D5926}.Debug|Any CPU.ActiveCfg = Debug|Any CPU
		{80383405-FBE2-4B31-B188-07822B9D5926}.Debug|Any CPU.Build.0 = Debug|Any CPU
		{80383405-FBE2-4B31-B188-07822B9D5926}.Debug|x64.ActiveCfg = Debug|Any CPU
		{80383405-FBE2-4B31-B188-07822B9D5926}.Debug|x64.Build.0 = Debug|Any CPU
		{80383405-FBE2-4B31-B188-07822B9D5926}.Debug|x86.ActiveCfg = Debug|Any CPU
		{80383405-FBE2-4B31-B188-07822B9D5926}.Debug|x86.Build.0 = Debug|Any CPU
		{80383405-FBE2-4B31-B188-07822B9D5926}.Release|Any CPU.ActiveCfg = Release|Any CPU
		{80383405-FBE2-4B31-B188-07822B9D5926}.Release|Any CPU.Build.0 = Release|Any CPU
		{80383405-FBE2-4B31-B188-07822B9D5926}.Release|x64.ActiveCfg = Release|Any CPU
		{80383405-FBE2-4B31-B188-07822B9D5926}.Release|x64.Build.0 = Release|Any CPU
		{80383405-FBE2-4B31-B188-07822B9D5926}.Release|x86.ActiveCfg = Release|Any CPU
		{80383405-FBE2-4B31-B188-07822B9D5926}.Release|x86.Build.0 = Release|Any CPU
		{25C68D46-0B04-4AA5-B142-56B9973E5F86}.Debug|Any CPU.ActiveCfg = Debug|Any CPU
		{25C68D46-0B04-4AA5-B142-56B9973E5F86}.Debug|Any CPU.Build.0 = Debug|Any CPU
		{25C68D46-0B04-4AA5-B142-56B9973E5F86}.Debug|x64.ActiveCfg = Debug|Any CPU
		{25C68D46-0B04-4AA5-B142-56B9973E5F86}.Debug|x64.Build.0 = Debug|Any CPU
		{25C68D46-0B04-4AA5-B142-56B9973E5F86}.Debug|x86.ActiveCfg = Debug|Any CPU
		{25C68D46-0B04-4AA5-B142-56B9973E5F86}.Debug|x86.Build.0 = Debug|Any CPU
		{25C68D46-0B04-4AA5-B142-56B9973E5F86}.Release|Any CPU.ActiveCfg = Release|Any CPU
		{25C68D46-0B04-4AA5-B142-56B9973E5F86}.Release|Any CPU.Build.0 = Release|Any CPU
		{25C68D46-0B04-4AA5-B142-56B9973E5F86}.Release|x64.ActiveCfg = Release|Any CPU
		{25C68D46-0B04-4AA5-B142-56B9973E5F86}.Release|x64.Build.0 = Release|Any CPU
		{25C68D46-0B04-4AA5-B142-56B9973E5F86}.Release|x86.ActiveCfg = Release|Any CPU
		{25C68D46-0B04-4AA5-B142-56B9973E5F86}.Release|x86.Build.0 = Release|Any CPU
		{CAFCBE5E-1A1F-4750-902C-36C373753FCA}.Debug|Any CPU.ActiveCfg = Debug|Any CPU
		{CAFCBE5E-1A1F-4750-902C-36C373753FCA}.Debug|Any CPU.Build.0 = Debug|Any CPU
		{CAFCBE5E-1A1F-4750-902C-36C373753FCA}.Debug|x64.ActiveCfg = Debug|Any CPU
		{CAFCBE5E-1A1F-4750-902C-36C373753FCA}.Debug|x64.Build.0 = Debug|Any CPU
		{CAFCBE5E-1A1F-4750-902C-36C373753FCA}.Debug|x86.ActiveCfg = Debug|Any CPU
		{CAFCBE5E-1A1F-4750-902C-36C373753FCA}.Debug|x86.Build.0 = Debug|Any CPU
		{CAFCBE5E-1A1F-4750-902C-36C373753FCA}.Release|Any CPU.ActiveCfg = Release|Any CPU
		{CAFCBE5E-1A1F-4750-902C-36C373753FCA}.Release|Any CPU.Build.0 = Release|Any CPU
		{CAFCBE5E-1A1F-4750-902C-36C373753FCA}.Release|x64.ActiveCfg = Release|Any CPU
		{CAFCBE5E-1A1F-4750-902C-36C373753FCA}.Release|x64.Build.0 = Release|Any CPU
		{CAFCBE5E-1A1F-4750-902C-36C373753FCA}.Release|x86.ActiveCfg = Release|Any CPU
		{CAFCBE5E-1A1F-4750-902C-36C373753FCA}.Release|x86.Build.0 = Release|Any CPU
		{AEF80F46-2503-4812-98C9-FC62F702C554}.Debug|Any CPU.ActiveCfg = Debug|Any CPU
		{AEF80F46-2503-4812-98C9-FC62F702C554}.Debug|Any CPU.Build.0 = Debug|Any CPU
		{AEF80F46-2503-4812-98C9-FC62F702C554}.Debug|x64.ActiveCfg = Debug|Any CPU
		{AEF80F46-2503-4812-98C9-FC62F702C554}.Debug|x64.Build.0 = Debug|Any CPU
		{AEF80F46-2503-4812-98C9-FC62F702C554}.Debug|x86.ActiveCfg = Debug|Any CPU
		{AEF80F46-2503-4812-98C9-FC62F702C554}.Debug|x86.Build.0 = Debug|Any CPU
		{AEF80F46-2503-4812-98C9-FC62F702C554}.Release|Any CPU.ActiveCfg = Release|Any CPU
		{AEF80F46-2503-4812-98C9-FC62F702C554}.Release|Any CPU.Build.0 = Release|Any CPU
		{AEF80F46-2503-4812-98C9-FC62F702C554}.Release|x64.ActiveCfg = Release|Any CPU
		{AEF80F46-2503-4812-98C9-FC62F702C554}.Release|x64.Build.0 = Release|Any CPU
		{AEF80F46-2503-4812-98C9-FC62F702C554}.Release|x86.ActiveCfg = Release|Any CPU
		{AEF80F46-2503-4812-98C9-FC62F702C554}.Release|x86.Build.0 = Release|Any CPU
		{42D98B3C-A879-416C-961A-F28EACD13C30}.Debug|Any CPU.ActiveCfg = Debug|Any CPU
		{42D98B3C-A879-416C-961A-F28EACD13C30}.Debug|Any CPU.Build.0 = Debug|Any CPU
		{42D98B3C-A879-416C-961A-F28EACD13C30}.Debug|x64.ActiveCfg = Debug|Any CPU
		{42D98B3C-A879-416C-961A-F28EACD13C30}.Debug|x64.Build.0 = Debug|Any CPU
		{42D98B3C-A879-416C-961A-F28EACD13C30}.Debug|x86.ActiveCfg = Debug|Any CPU
		{42D98B3C-A879-416C-961A-F28EACD13C30}.Debug|x86.Build.0 = Debug|Any CPU
		{42D98B3C-A879-416C-961A-F28EACD13C30}.Release|Any CPU.ActiveCfg = Release|Any CPU
		{42D98B3C-A879-416C-961A-F28EACD13C30}.Release|Any CPU.Build.0 = Release|Any CPU
		{42D98B3C-A879-416C-961A-F28EACD13C30}.Release|x64.ActiveCfg = Release|Any CPU
		{42D98B3C-A879-416C-961A-F28EACD13C30}.Release|x64.Build.0 = Release|Any CPU
		{42D98B3C-A879-416C-961A-F28EACD13C30}.Release|x86.ActiveCfg = Release|Any CPU
		{42D98B3C-A879-416C-961A-F28EACD13C30}.Release|x86.Build.0 = Release|Any CPU
		{7F794FC0-9AE6-47EB-96AC-7B4802E9E624}.Debug|Any CPU.ActiveCfg = Debug|Any CPU
		{7F794FC0-9AE6-47EB-96AC-7B4802E9E624}.Debug|Any CPU.Build.0 = Debug|Any CPU
		{7F794FC0-9AE6-47EB-96AC-7B4802E9E624}.Debug|x64.ActiveCfg = Debug|Any CPU
		{7F794FC0-9AE6-47EB-96AC-7B4802E9E624}.Debug|x64.Build.0 = Debug|Any CPU
		{7F794FC0-9AE6-47EB-96AC-7B4802E9E624}.Debug|x86.ActiveCfg = Debug|Any CPU
		{7F794FC0-9AE6-47EB-96AC-7B4802E9E624}.Debug|x86.Build.0 = Debug|Any CPU
		{7F794FC0-9AE6-47EB-96AC-7B4802E9E624}.Release|Any CPU.ActiveCfg = Release|Any CPU
		{7F794FC0-9AE6-47EB-96AC-7B4802E9E624}.Release|Any CPU.Build.0 = Release|Any CPU
		{7F794FC0-9AE6-47EB-96AC-7B4802E9E624}.Release|x64.ActiveCfg = Release|Any CPU
		{7F794FC0-9AE6-47EB-96AC-7B4802E9E624}.Release|x64.Build.0 = Release|Any CPU
		{7F794FC0-9AE6-47EB-96AC-7B4802E9E624}.Release|x86.ActiveCfg = Release|Any CPU
		{7F794FC0-9AE6-47EB-96AC-7B4802E9E624}.Release|x86.Build.0 = Release|Any CPU
		{B91DDB39-E202-42F9-8F65-7A53D9626248}.Debug|Any CPU.ActiveCfg = Debug|Any CPU
		{B91DDB39-E202-42F9-8F65-7A53D9626248}.Debug|Any CPU.Build.0 = Debug|Any CPU
		{B91DDB39-E202-42F9-8F65-7A53D9626248}.Debug|x64.ActiveCfg = Debug|Any CPU
		{B91DDB39-E202-42F9-8F65-7A53D9626248}.Debug|x64.Build.0 = Debug|Any CPU
		{B91DDB39-E202-42F9-8F65-7A53D9626248}.Debug|x86.ActiveCfg = Debug|Any CPU
		{B91DDB39-E202-42F9-8F65-7A53D9626248}.Debug|x86.Build.0 = Debug|Any CPU
		{B91DDB39-E202-42F9-8F65-7A53D9626248}.Release|Any CPU.ActiveCfg = Release|Any CPU
		{B91DDB39-E202-42F9-8F65-7A53D9626248}.Release|Any CPU.Build.0 = Release|Any CPU
		{B91DDB39-E202-42F9-8F65-7A53D9626248}.Release|x64.ActiveCfg = Release|Any CPU
		{B91DDB39-E202-42F9-8F65-7A53D9626248}.Release|x64.Build.0 = Release|Any CPU
		{B91DDB39-E202-42F9-8F65-7A53D9626248}.Release|x86.ActiveCfg = Release|Any CPU
		{B91DDB39-E202-42F9-8F65-7A53D9626248}.Release|x86.Build.0 = Release|Any CPU
		{D1C1C1C1-1C1C-4C1C-AC1C-1C1C1C1C1C1C}.Debug|Any CPU.ActiveCfg = Debug|Any CPU
		{D1C1C1C1-1C1C-4C1C-AC1C-1C1C1C1C1C1C}.Debug|Any CPU.Build.0 = Debug|Any CPU
		{D1C1C1C1-1C1C-4C1C-AC1C-1C1C1C1C1C1C}.Debug|x64.ActiveCfg = Debug|Any CPU
		{D1C1C1C1-1C1C-4C1C-AC1C-1C1C1C1C1C1C}.Debug|x64.Build.0 = Debug|Any CPU
		{D1C1C1C1-1C1C-4C1C-AC1C-1C1C1C1C1C1C}.Debug|x86.ActiveCfg = Debug|Any CPU
		{D1C1C1C1-1C1C-4C1C-AC1C-1C1C1C1C1C1C}.Debug|x86.Build.0 = Debug|Any CPU
		{D1C1C1C1-1C1C-4C1C-AC1C-1C1C1C1C1C1C}.Release|Any CPU.ActiveCfg = Release|Any CPU
		{D1C1C1C1-1C1C-4C1C-AC1C-1C1C1C1C1C1C}.Release|Any CPU.Build.0 = Release|Any CPU
		{D1C1C1C1-1C1C-4C1C-AC1C-1C1C1C1C1C1C}.Release|x64.ActiveCfg = Release|Any CPU
		{D1C1C1C1-1C1C-4C1C-AC1C-1C1C1C1C1C1C}.Release|x64.Build.0 = Release|Any CPU
		{D1C1C1C1-1C1C-4C1C-AC1C-1C1C1C1C1C1C}.Release|x86.ActiveCfg = Release|Any CPU
		{D1C1C1C1-1C1C-4C1C-AC1C-1C1C1C1C1C1C}.Release|x86.Build.0 = Release|Any CPU
		{F527AAFF-B776-43BF-ABDF-E754ECD752C3}.Debug|Any CPU.ActiveCfg = Debug|Any CPU
		{F527AAFF-B776-43BF-ABDF-E754ECD752C3}.Debug|Any CPU.Build.0 = Debug|Any CPU
		{F527AAFF-B776-43BF-ABDF-E754ECD752C3}.Debug|x64.ActiveCfg = Debug|Any CPU
		{F527AAFF-B776-43BF-ABDF-E754ECD752C3}.Debug|x64.Build.0 = Debug|Any CPU
		{F527AAFF-B776-43BF-ABDF-E754ECD752C3}.Debug|x86.ActiveCfg = Debug|Any CPU
		{F527AAFF-B776-43BF-ABDF-E754ECD752C3}.Debug|x86.Build.0 = Debug|Any CPU
		{F527AAFF-B776-43BF-ABDF-E754ECD752C3}.Release|Any CPU.ActiveCfg = Release|Any CPU
		{F527AAFF-B776-43BF-ABDF-E754ECD752C3}.Release|Any CPU.Build.0 = Release|Any CPU
		{F527AAFF-B776-43BF-ABDF-E754ECD752C3}.Release|x64.ActiveCfg = Release|Any CPU
		{F527AAFF-B776-43BF-ABDF-E754ECD752C3}.Release|x64.Build.0 = Release|Any CPU
		{F527AAFF-B776-43BF-ABDF-E754ECD752C3}.Release|x86.ActiveCfg = Release|Any CPU
		{F527AAFF-B776-43BF-ABDF-E754ECD752C3}.Release|x86.Build.0 = Release|Any CPU
		{59B5492F-F2FD-4261-BFBA-519FC057FF24}.Debug|Any CPU.ActiveCfg = Debug|Any CPU
		{59B5492F-F2FD-4261-BFBA-519FC057FF24}.Debug|Any CPU.Build.0 = Debug|Any CPU
		{59B5492F-F2FD-4261-BFBA-519FC057FF24}.Debug|x64.ActiveCfg = Debug|Any CPU
		{59B5492F-F2FD-4261-BFBA-519FC057FF24}.Debug|x64.Build.0 = Debug|Any CPU
		{59B5492F-F2FD-4261-BFBA-519FC057FF24}.Debug|x86.ActiveCfg = Debug|Any CPU
		{59B5492F-F2FD-4261-BFBA-519FC057FF24}.Debug|x86.Build.0 = Debug|Any CPU
		{59B5492F-F2FD-4261-BFBA-519FC057FF24}.Release|Any CPU.ActiveCfg = Release|Any CPU
		{59B5492F-F2FD-4261-BFBA-519FC057FF24}.Release|Any CPU.Build.0 = Release|Any CPU
		{59B5492F-F2FD-4261-BFBA-519FC057FF24}.Release|x64.ActiveCfg = Release|Any CPU
		{59B5492F-F2FD-4261-BFBA-519FC057FF24}.Release|x64.Build.0 = Release|Any CPU
		{59B5492F-F2FD-4261-BFBA-519FC057FF24}.Release|x86.ActiveCfg = Release|Any CPU
		{59B5492F-F2FD-4261-BFBA-519FC057FF24}.Release|x86.Build.0 = Release|Any CPU
		{2F0561C8-B4C6-40DB-AFBE-91543B34D786}.Debug|Any CPU.ActiveCfg = Debug|Any CPU
		{2F0561C8-B4C6-40DB-AFBE-91543B34D786}.Debug|Any CPU.Build.0 = Debug|Any CPU
		{2F0561C8-B4C6-40DB-AFBE-91543B34D786}.Debug|x64.ActiveCfg = Debug|Any CPU
		{2F0561C8-B4C6-40DB-AFBE-91543B34D786}.Debug|x64.Build.0 = Debug|Any CPU
		{2F0561C8-B4C6-40DB-AFBE-91543B34D786}.Debug|x86.ActiveCfg = Debug|Any CPU
		{2F0561C8-B4C6-40DB-AFBE-91543B34D786}.Debug|x86.Build.0 = Debug|Any CPU
		{2F0561C8-B4C6-40DB-AFBE-91543B34D786}.Release|Any CPU.ActiveCfg = Release|Any CPU
		{2F0561C8-B4C6-40DB-AFBE-91543B34D786}.Release|Any CPU.Build.0 = Release|Any CPU
		{2F0561C8-B4C6-40DB-AFBE-91543B34D786}.Release|x64.ActiveCfg = Release|Any CPU
		{2F0561C8-B4C6-40DB-AFBE-91543B34D786}.Release|x64.Build.0 = Release|Any CPU
		{2F0561C8-B4C6-40DB-AFBE-91543B34D786}.Release|x86.ActiveCfg = Release|Any CPU
		{2F0561C8-B4C6-40DB-AFBE-91543B34D786}.Release|x86.Build.0 = Release|Any CPU
		{FC582C54-B092-4E7A-98D2-DB3234D02364}.Debug|Any CPU.ActiveCfg = Debug|Any CPU
		{FC582C54-B092-4E7A-98D2-DB3234D02364}.Debug|Any CPU.Build.0 = Debug|Any CPU
		{FC582C54-B092-4E7A-98D2-DB3234D02364}.Debug|x64.ActiveCfg = Debug|Any CPU
		{FC582C54-B092-4E7A-98D2-DB3234D02364}.Debug|x64.Build.0 = Debug|Any CPU
		{FC582C54-B092-4E7A-98D2-DB3234D02364}.Debug|x86.ActiveCfg = Debug|Any CPU
		{FC582C54-B092-4E7A-98D2-DB3234D02364}.Debug|x86.Build.0 = Debug|Any CPU
		{FC582C54-B092-4E7A-98D2-DB3234D02364}.Release|Any CPU.ActiveCfg = Release|Any CPU
		{FC582C54-B092-4E7A-98D2-DB3234D02364}.Release|Any CPU.Build.0 = Release|Any CPU
		{FC582C54-B092-4E7A-98D2-DB3234D02364}.Release|x64.ActiveCfg = Release|Any CPU
		{FC582C54-B092-4E7A-98D2-DB3234D02364}.Release|x64.Build.0 = Release|Any CPU
		{FC582C54-B092-4E7A-98D2-DB3234D02364}.Release|x86.ActiveCfg = Release|Any CPU
		{FC582C54-B092-4E7A-98D2-DB3234D02364}.Release|x86.Build.0 = Release|Any CPU
		{FE84E26A-A840-438B-96D4-C4CE300C1311}.Debug|Any CPU.ActiveCfg = Debug|Any CPU
		{FE84E26A-A840-438B-96D4-C4CE300C1311}.Debug|Any CPU.Build.0 = Debug|Any CPU
		{FE84E26A-A840-438B-96D4-C4CE300C1311}.Debug|x64.ActiveCfg = Debug|Any CPU
		{FE84E26A-A840-438B-96D4-C4CE300C1311}.Debug|x64.Build.0 = Debug|Any CPU
		{FE84E26A-A840-438B-96D4-C4CE300C1311}.Debug|x86.ActiveCfg = Debug|Any CPU
		{FE84E26A-A840-438B-96D4-C4CE300C1311}.Debug|x86.Build.0 = Debug|Any CPU
		{FE84E26A-A840-438B-96D4-C4CE300C1311}.Release|Any CPU.ActiveCfg = Release|Any CPU
		{FE84E26A-A840-438B-96D4-C4CE300C1311}.Release|Any CPU.Build.0 = Release|Any CPU
		{FE84E26A-A840-438B-96D4-C4CE300C1311}.Release|x64.ActiveCfg = Release|Any CPU
		{FE84E26A-A840-438B-96D4-C4CE300C1311}.Release|x64.Build.0 = Release|Any CPU
		{FE84E26A-A840-438B-96D4-C4CE300C1311}.Release|x86.ActiveCfg = Release|Any CPU
		{FE84E26A-A840-438B-96D4-C4CE300C1311}.Release|x86.Build.0 = Release|Any CPU
	EndGlobalSection
	GlobalSection(SolutionProperties) = preSolution
		HideSolutionNode = FALSE
	EndGlobalSection
	GlobalSection(NestedProjects) = preSolution
		{20EBB5C3-6EB8-40C4-AA1B-82C8DBC65C5D} = {5F16E770-EEBA-482A-B15A-B7BD5A7CF5C2}
		{680D018F-4548-4D4D-929F-293B3B8092C2} = {5F16E770-EEBA-482A-B15A-B7BD5A7CF5C2}
		{F866E886-DE31-4C09-8DB0-6BAC8B6CF99F} = {5F16E770-EEBA-482A-B15A-B7BD5A7CF5C2}
		{74CEE999-8AD7-4D3C-85DB-82A02E6A121F} = {5F16E770-EEBA-482A-B15A-B7BD5A7CF5C2}
		{2A3FF493-4CC6-440C-9C39-DE007CEAF2A0} = {5F16E770-EEBA-482A-B15A-B7BD5A7CF5C2}
		{1B1C8827-9F30-4C91-A1BA-12B8426E96FF} = {5F16E770-EEBA-482A-B15A-B7BD5A7CF5C2}
		{2867D66E-5B37-4975-9B02-0E346E5D8B8B} = {5F16E770-EEBA-482A-B15A-B7BD5A7CF5C2}
		{A1A6A6A6-A6A6-4A6A-8A6A-6A6A6A6A6A01} = {5F16E770-EEBA-482A-B15A-B7BD5A7CF5C2}
		{A1A6A6A6-A6A6-4A6A-8A6A-6A6A6A6A6A02} = {5F16E770-EEBA-482A-B15A-B7BD5A7CF5C2}
		{2ED88EBD-C86C-43C8-9E80-E27026AA8C4B} = {5F16E770-EEBA-482A-B15A-B7BD5A7CF5C2}
		{08EE9ED3-DDE2-4A38-988A-EA8B403839EE} = {5F16E770-EEBA-482A-B15A-B7BD5A7CF5C2}
		{80383405-FBE2-4B31-B188-07822B9D5926} = {5F16E770-EEBA-482A-B15A-B7BD5A7CF5C2}
		{25C68D46-0B04-4AA5-B142-56B9973E5F86} = {5F16E770-EEBA-482A-B15A-B7BD5A7CF5C2}
		{CAFCBE5E-1A1F-4750-902C-36C373753FCA} = {5F16E770-EEBA-482A-B15A-B7BD5A7CF5C2}
		{AEF80F46-2503-4812-98C9-FC62F702C554} = {5F16E770-EEBA-482A-B15A-B7BD5A7CF5C2}
		{42D98B3C-A879-416C-961A-F28EACD13C30} = {5F16E770-EEBA-482A-B15A-B7BD5A7CF5C2}
		{7F794FC0-9AE6-47EB-96AC-7B4802E9E624} = {5F16E770-EEBA-482A-B15A-B7BD5A7CF5C2}
		{B91DDB39-E202-42F9-8F65-7A53D9626248} = {5F16E770-EEBA-482A-B15A-B7BD5A7CF5C2}
		{D1C1C1C1-1C1C-4C1C-AC1C-1C1C1C1C1C1C} = {5F16E770-EEBA-482A-B15A-B7BD5A7CF5C2}
		{F527AAFF-B776-43BF-ABDF-E754ECD752C3} = {5F16E770-EEBA-482A-B15A-B7BD5A7CF5C2}
		{59B5492F-F2FD-4261-BFBA-519FC057FF24} = {5F16E770-EEBA-482A-B15A-B7BD5A7CF5C2}
		{2F0561C8-B4C6-40DB-AFBE-91543B34D786} = {5F16E770-EEBA-482A-B15A-B7BD5A7CF5C2}
		{FC582C54-B092-4E7A-98D2-DB3234D02364} = {5F16E770-EEBA-482A-B15A-B7BD5A7CF5C2}
		{FE84E26A-A840-438B-96D4-C4CE300C1311} = {0AB3BF05-4346-4AA6-1389-037BE0695223}
	EndGlobalSection
EndGlobal
